
Microsoft Visual Studio Solution File, Format Version 12.00
# Visual Studio Version 17
VisualStudioVersion = 17.4.33103.184
MinimumVisualStudioVersion = 10.0.40219.1
Project("{FAE04EC0-301F-11D3-BF4B-00C04F79EFBC}") = "webuhelp", "webuhelp\webuhelp.csproj", "{A34AAE57-3F41-4413-ABDA-DAC080B86AA2}"
EndProject
Global
	GlobalSection(SolutionConfigurationPlatforms) = preSolution
		Debug|Any CPU = Debug|Any CPU
		Release|Any CPU = Release|Any CPU
	EndGlobalSection
	GlobalSection(ProjectConfigurationPlatforms) = postSolution
		{A34AAE57-3F41-4413-ABDA-DAC080B86AA2}.Debug|Any CPU.ActiveCfg = Debug|Any CPU
		{A34AAE57-3F41-4413-ABDA-DAC080B86AA2}.Debug|Any CPU.Build.0 = Debug|Any CPU
		{A34AAE57-3F41-4413-ABDA-DAC080B86AA2}.Release|Any CPU.ActiveCfg = Release|Any CPU
		{A34AAE57-3F41-4413-ABDA-DAC080B86AA2}.Release|Any CPU.Build.0 = Release|Any CPU
	EndGlobalSection
	GlobalSection(SolutionProperties) = preSolution
		HideSolutionNode = FALSE
	EndGlobalSection
	GlobalSection(ExtensibilityGlobals) = postSolution
		SolutionGuid = {A0302A61-6200-4020-BD99-4A503072B06F}
	EndGlobalSection
EndGlobal
